schema: '2.0'
stages:
  train:
    cmd: python train.py
    deps:
    - path: data/MNIST/raw
      md5: 8c257df187855c681f88bde92d721ccd.dir
      size: 66544770
      nfiles: 8
    - path: train.py
      md5: 66a43eeec07e9b63f174d0e028e58634
      size: 5182
    params:
      params.yaml:
        epochs: 5
        lr: 0.003
        weight_decay: 0
    outs:
    - path: hist.csv
      md5: f6bccaa90e9a65568ae0cbfc4db466ef
      size: 75
    - path: model.pt
      md5: 99c2702671851f07c6345ecd38cef689
      size: 439383
    - path: training/metrics.json
      md5: d00b388d40173046b40a3569b3d1ea57
      size: 188
    - path: training/plots
      md5: 081e6671e5e6bbbde6fe4022be3ddf3e.dir
      size: 642124
      nfiles: 6
