schema: '2.0'
stages:
  train:
    cmd: python train.py
    deps:
    - path: data/MNIST/raw
      md5: 8c257df187855c681f88bde92d721ccd.dir
      size: 66544770
      nfiles: 8
    - path: train.py
      md5: 66a43eeec07e9b63f174d0e028e58634
      size: 5182
    params:
      params.yaml:
        epochs: 5
        lr: 0.003
        weight_decay: 0
    outs:
    - path: hist.csv
      md5: ec440a728196b11a5d12b56f4b41c62f
      size: 75
    - path: model.pt
      md5: 4456782bc36d190c8120c732006d316d
      size: 439383
    - path: training/metrics.json
      md5: 9c7c1d482bbc3e6273c4ed7324af4901
      size: 188
    - path: training/plots
      md5: da050cdd18be237280f30e7219e11c85.dir
      size: 643137
      nfiles: 6
