schema: '2.0'
stages:
  train:
    cmd: python train.py
    deps:
    - path: data/MNIST/raw
      md5: 8c257df187855c681f88bde92d721ccd.dir
      size: 66544770
      nfiles: 8
    - path: train.py
      md5: 66a43eeec07e9b63f174d0e028e58634
      size: 5182
    params:
      params.yaml:
        epochs: 5
        lr: 0.003
        weight_decay: 0
    outs:
    - path: hist.csv
      md5: 2cce0472d21dc09e4bc7a1858b6cae07
      size: 77
    - path: model.pt
      md5: e155bd2a1f5cdb9708ceb0244d0264c2
      size: 439383
    - path: training/metrics.json
      md5: 99f49a7126e48c2ac80c983333aa4aa0
      size: 177
    - path: training/plots
      md5: 674a9c45c1a98fdd49ff9aaf5f8926d0.dir
      size: 643454
      nfiles: 6
